
Microsoft Visual Studio Solution File, Format Version 12.00
# Visual Studio Version 17
VisualStudioVersion = 17.5.33516.290
MinimumVisualStudioVersion = 10.0.40219.1
Project("{FAE04EC0-301F-11D3-BF4B-00C04F79EFBC}") = "FirstProject", "FirstProject.csproj", "{12CB054B-C18E-40CF-B17E-2CC3CAA01CEE}"
EndProject
Global
	GlobalSection(SolutionConfigurationPlatforms) = preSolution
		Debug|Any CPU = Debug|Any CPU
		Release|Any CPU = Release|Any CPU
	EndGlobalSection
	GlobalSection(ProjectConfigurationPlatforms) = postSolution
		{12CB054B-C18E-40CF-B17E-2CC3CAA01CEE}.Debug|Any CPU.ActiveCfg = Debug|Any CPU
		{12CB054B-C18E-40CF-B17E-2CC3CAA01CEE}.Debug|Any CPU.Build.0 = Debug|Any CPU
		{12CB054B-C18E-40CF-B17E-2CC3CAA01CEE}.Release|Any CPU.ActiveCfg = Release|Any CPU
		{12CB054B-C18E-40CF-B17E-2CC3CAA01CEE}.Release|Any CPU.Build.0 = Release|Any CPU
	EndGlobalSection
	GlobalSection(SolutionProperties) = preSolution
		HideSolutionNode = FALSE
	EndGlobalSection
	GlobalSection(ExtensibilityGlobals) = postSolution
		SolutionGuid = {1E2BE950-C411-4D52-BA06-24241F3C9121}
	EndGlobalSection
EndGlobal
