
Microsoft Visual Studio Solution File, Format Version 12.00
# Visual Studio Version 17
VisualStudioVersion = 17.5.33516.290
MinimumVisualStudioVersion = 10.0.40219.1
Project("{FAE04EC0-301F-11D3-BF4B-00C04F79EFBC}") = "Casino", "Casino\Casino.csproj", "{CE6BB05A-B1D5-42A2-AD87-6277CCB5B6C6}"
EndProject
Global
	GlobalSection(SolutionConfigurationPlatforms) = preSolution
		Debug|Any CPU = Debug|Any CPU
		Release|Any CPU = Release|Any CPU
	EndGlobalSection
	GlobalSection(ProjectConfigurationPlatforms) = postSolution
		{CE6BB05A-B1D5-42A2-AD87-6277CCB5B6C6}.Debug|Any CPU.ActiveCfg = Debug|Any CPU
		{CE6BB05A-B1D5-42A2-AD87-6277CCB5B6C6}.Debug|Any CPU.Build.0 = Debug|Any CPU
		{CE6BB05A-B1D5-42A2-AD87-6277CCB5B6C6}.Release|Any CPU.ActiveCfg = Release|Any CPU
		{CE6BB05A-B1D5-42A2-AD87-6277CCB5B6C6}.Release|Any CPU.Build.0 = Release|Any CPU
	EndGlobalSection
	GlobalSection(SolutionProperties) = preSolution
		HideSolutionNode = FALSE
	EndGlobalSection
	GlobalSection(ExtensibilityGlobals) = postSolution
		SolutionGuid = {ADE136A7-434A-4DCD-A77B-E7685782E5B6}
	EndGlobalSection
EndGlobal
